
Microsoft Visual Studio Solution File, Format Version 12.00
# Visual Studio 2013
VisualStudioVersion = 12.0.21005.1
MinimumVisualStudioVersion = 10.0.40219.1
Project("{FAE04EC0-301F-11D3-BF4B-00C04F79EFBC}") = "BCLtask3", "BCLtask3\BCLtask3.csproj", "{142D519F-D320-4AEA-B5A2-275DA20C6927}"
EndProject
Global
	GlobalSection(SolutionConfigurationPlatforms) = preSolution
		Debug|Any CPU = Debug|Any CPU
		Release|Any CPU = Release|Any CPU
	EndGlobalSection
	GlobalSection(ProjectConfigurationPlatforms) = postSolution
		{142D519F-D320-4AEA-B5A2-275DA20C6927}.Debug|Any CPU.ActiveCfg = Debug|Any CPU
		{142D519F-D320-4AEA-B5A2-275DA20C6927}.Debug|Any CPU.Build.0 = Debug|Any CPU
		{142D519F-D320-4AEA-B5A2-275DA20C6927}.Release|Any CPU.ActiveCfg = Release|Any CPU
		{142D519F-D320-4AEA-B5A2-275DA20C6927}.Release|Any CPU.Build.0 = Release|Any CPU
	EndGlobalSection
	GlobalSection(SolutionProperties) = preSolution
		HideSolutionNode = FALSE
	EndGlobalSection
EndGlobal
